// !$*UTF8*$!
{
	archiveVersion = 1;
	classes = {
	};
	objectVersion = 55;
	objects = {

/* Begin PBXBuildFile section */
		9906620C2834EABE000745FD /* CircleImage.swift in Sources */ = {isa = PBXBuildFile; fileRef = 9906620B2834EABE000745FD /* CircleImage.swift */; };
		99410FA3283A38C300A7D10B /* SubscribeCarSheet.swift in Sources */ = {isa = PBXBuildFile; fileRef = 99410FA2283A38C300A7D10B /* SubscribeCarSheet.swift */; };
		99410FA5283A86CC00A7D10B /* AddMeetView.swift in Sources */ = {isa = PBXBuildFile; fileRef = 99410FA4283A86CC00A7D10B /* AddMeetView.swift */; };
		99410FAB283AB09A00A7D10B /* MapKit.framework in Frameworks */ = {isa = PBXBuildFile; fileRef = 99410FAA283AB09A00A7D10B /* MapKit.framework */; };
		99410FAD283B6F4E00A7D10B /* Place.swift in Sources */ = {isa = PBXBuildFile; fileRef = 99410FAC283B6F4E00A7D10B /* Place.swift */; };
		99410FAF283B6F7D00A7D10B /* PlacePickerViewModel.swift in Sources */ = {isa = PBXBuildFile; fileRef = 99410FAE283B6F7D00A7D10B /* PlacePickerViewModel.swift */; };
		99410FB1283B6FBB00A7D10B /* PlacePicker.swift in Sources */ = {isa = PBXBuildFile; fileRef = 99410FB0283B6FBB00A7D10B /* PlacePicker.swift */; };
		99410FB3283B7BF800A7D10B /* AssistancesViewModel.swift in Sources */ = {isa = PBXBuildFile; fileRef = 99410FB2283B7BF800A7D10B /* AssistancesViewModel.swift */; };
		99410FB5283B7EB100A7D10B /* Assistance.swift in Sources */ = {isa = PBXBuildFile; fileRef = 99410FB4283B7EB100A7D10B /* Assistance.swift */; };
		995D1DFE2838D9CD0077A5C9 /* AddCarView.swift in Sources */ = {isa = PBXBuildFile; fileRef = 995D1DFD2838D9CD0077A5C9 /* AddCarView.swift */; };
		995D1E002838E2B20077A5C9 /* UserViewModel.swift in Sources */ = {isa = PBXBuildFile; fileRef = 995D1DFF2838E2B20077A5C9 /* UserViewModel.swift */; };
		995D1E02283919D50077A5C9 /* CarDetailsView.swift in Sources */ = {isa = PBXBuildFile; fileRef = 995D1E01283919D50077A5C9 /* CarDetailsView.swift */; };
		995D1E0428392A520077A5C9 /* EditCarView.swift in Sources */ = {isa = PBXBuildFile; fileRef = 995D1E0328392A520077A5C9 /* EditCarView.swift */; };
		995D1E06283A24350077A5C9 /* MeetsViewModel.swift in Sources */ = {isa = PBXBuildFile; fileRef = 995D1E05283A24350077A5C9 /* MeetsViewModel.swift */; };
		995D1E08283A24D30077A5C9 /* Meet.swift in Sources */ = {isa = PBXBuildFile; fileRef = 995D1E07283A24D30077A5C9 /* Meet.swift */; };
		995D1E0A283A2B660077A5C9 /* MeetDetailView.swift in Sources */ = {isa = PBXBuildFile; fileRef = 995D1E09283A2B660077A5C9 /* MeetDetailView.swift */; };
		997B60F4283BB611002F6AAC /* LocationViewModel.swift in Sources */ = {isa = PBXBuildFile; fileRef = 997B60F3283BB611002F6AAC /* LocationViewModel.swift */; };
		999F147C2833C9E60006573C /* CarGuyApp.swift in Sources */ = {isa = PBXBuildFile; fileRef = 999F147B2833C9E60006573C /* CarGuyApp.swift */; };
		999F147E2833C9E60006573C /* GarageView.swift in Sources */ = {isa = PBXBuildFile; fileRef = 999F147D2833C9E60006573C /* GarageView.swift */; };
		999F14802833C9E80006573C /* Assets.xcassets in Resources */ = {isa = PBXBuildFile; fileRef = 999F147F2833C9E80006573C /* Assets.xcassets */; };
		999F14832833C9E80006573C /* Preview Assets.xcassets in Resources */ = {isa = PBXBuildFile; fileRef = 999F14822833C9E80006573C /* Preview Assets.xcassets */; };
		999F148A2833CAEA0006573C /* MainView.swift in Sources */ = {isa = PBXBuildFile; fileRef = 999F14892833CAE90006573C /* MainView.swift */; };
		999F148C2833D3A10006573C /* MeetsView.swift in Sources */ = {isa = PBXBuildFile; fileRef = 999F148B2833D3A10006573C /* MeetsView.swift */; };
		999F148E2833D3AE0006573C /* GuysView.swift in Sources */ = {isa = PBXBuildFile; fileRef = 999F148D2833D3AE0006573C /* GuysView.swift */; };
		999F14902833D3ED0006573C /* ProfileView.swift in Sources */ = {isa = PBXBuildFile; fileRef = 999F148F2833D3ED0006573C /* ProfileView.swift */; };
		999F14922833FBBB0006573C /* CarCard.swift in Sources */ = {isa = PBXBuildFile; fileRef = 999F14912833FBBB0006573C /* CarCard.swift */; };
		999F1494283438B90006573C /* CarInGarage.swift in Sources */ = {isa = PBXBuildFile; fileRef = 999F1493283438B90006573C /* CarInGarage.swift */; };
		99E895F928363CF90097A7C5 /* LoginViewModel.swift in Sources */ = {isa = PBXBuildFile; fileRef = 99E895F828363CF90097A7C5 /* LoginViewModel.swift */; };
		99E895FB2836462D0097A7C5 /* CarAPI.swift in Sources */ = {isa = PBXBuildFile; fileRef = 99E895FA2836462D0097A7C5 /* CarAPI.swift */; };
		99E895FF283780CC0097A7C5 /* MessagesView.swift in Sources */ = {isa = PBXBuildFile; fileRef = 99E895FE283780CC0097A7C5 /* MessagesView.swift */; };
		99E89601283780E50097A7C5 /* Message.swift in Sources */ = {isa = PBXBuildFile; fileRef = 99E89600283780E50097A7C5 /* Message.swift */; };
		99E896032837813C0097A7C5 /* MessageBubble.swift in Sources */ = {isa = PBXBuildFile; fileRef = 99E896022837813C0097A7C5 /* MessageBubble.swift */; };
		99E89605283787E20097A7C5 /* MessageTextField.swift in Sources */ = {isa = PBXBuildFile; fileRef = 99E89604283787E20097A7C5 /* MessageTextField.swift */; };
		99E8960728378D680097A7C5 /* MessagesViewModel.swift in Sources */ = {isa = PBXBuildFile; fileRef = 99E8960628378D680097A7C5 /* MessagesViewModel.swift */; };
		99E8960A28379AB40097A7C5 /* Car.swift in Sources */ = {isa = PBXBuildFile; fileRef = 99E8960928379AB40097A7C5 /* Car.swift */; };
		99E8960F28379D7B0097A7C5 /* Review.swift in Sources */ = {isa = PBXBuildFile; fileRef = 99E8960E28379D7B0097A7C5 /* Review.swift */; };
		99E896112837A70F0097A7C5 /* ChatsView.swift in Sources */ = {isa = PBXBuildFile; fileRef = 99E896102837A70F0097A7C5 /* ChatsView.swift */; };
		99E896132837A94E0097A7C5 /* Chat.swift in Sources */ = {isa = PBXBuildFile; fileRef = 99E896122837A94E0097A7C5 /* Chat.swift */; };
		99E896172837B3FC0097A7C5 /* ReviewCard.swift in Sources */ = {isa = PBXBuildFile; fileRef = 99E896162837B3FC0097A7C5 /* ReviewCard.swift */; };
		99E896192837B7BD0097A7C5 /* ChatsViewModel.swift in Sources */ = {isa = PBXBuildFile; fileRef = 99E896182837B7BD0097A7C5 /* ChatsViewModel.swift */; };
		99E8961B2837F42D0097A7C5 /* CarsViewModel.swift in Sources */ = {isa = PBXBuildFile; fileRef = 99E8961A2837F42D0097A7C5 /* CarsViewModel.swift */; };
		99E8961D283800060097A7C5 /* ImagePicker.swift in Sources */ = {isa = PBXBuildFile; fileRef = 99E8961C283800060097A7C5 /* ImagePicker.swift */; };
		99E8CFEC28354A9D0013BD6D /* FirebaseAuth in Frameworks */ = {isa = PBXBuildFile; productRef = 99E8CFEB28354A9D0013BD6D /* FirebaseAuth */; };
		99E8CFEE28354A9D0013BD6D /* FirebaseFirestore in Frameworks */ = {isa = PBXBuildFile; productRef = 99E8CFED28354A9D0013BD6D /* FirebaseFirestore */; };
		99E8CFF028354A9D0013BD6D /* FirebaseFirestoreSwift in Frameworks */ = {isa = PBXBuildFile; productRef = 99E8CFEF28354A9D0013BD6D /* FirebaseFirestoreSwift */; };
		99E8CFF228354A9D0013BD6D /* FirebaseMessaging in Frameworks */ = {isa = PBXBuildFile; productRef = 99E8CFF128354A9D0013BD6D /* FirebaseMessaging */; };
		99E8CFF428354A9D0013BD6D /* FirebaseStorage in Frameworks */ = {isa = PBXBuildFile; productRef = 99E8CFF328354A9D0013BD6D /* FirebaseStorage */; };
		99E8CFF628354B3E0013BD6D /* GoogleService-Info.plist in Resources */ = {isa = PBXBuildFile; fileRef = 99E8CFF528354B3D0013BD6D /* GoogleService-Info.plist */; };
		99E8CFF828354D950013BD6D /* LoginSignupView.swift in Sources */ = {isa = PBXBuildFile; fileRef = 99E8CFF728354D950013BD6D /* LoginSignupView.swift */; };
		99F39ABD283CEC35009B9E5A /* AssistanceDetailsView.swift in Sources */ = {isa = PBXBuildFile; fileRef = 99F39ABC283CEC35009B9E5A /* AssistanceDetailsView.swift */; };
		99F39ABF283CF0E6009B9E5A /* RequireAssistanceSheet.swift in Sources */ = {isa = PBXBuildFile; fileRef = 99F39ABE283CF0E6009B9E5A /* RequireAssistanceSheet.swift */; };
		99F39AC1283CF116009B9E5A /* LoadingView.swift in Sources */ = {isa = PBXBuildFile; fileRef = 99F39AC0283CF116009B9E5A /* LoadingView.swift */; };
		99F39AC3283D3BCD009B9E5A /* ImageLoader.swift in Sources */ = {isa = PBXBuildFile; fileRef = 99F39AC2283D3BCD009B9E5A /* ImageLoader.swift */; };
		99F39AC7283D4392009B9E5A /* ReviewSheet.swift in Sources */ = {isa = PBXBuildFile; fileRef = 99F39AC6283D4392009B9E5A /* ReviewSheet.swift */; };
/* End PBXBuildFile section */

/* Begin PBXFileReference section */
		9906620B2834EABE000745FD /* CircleImage.swift */ = {isa = PBXFileReference; lastKnownFileType = sourcecode.swift; path = CircleImage.swift; sourceTree = "<group>"; };
		99410FA2283A38C300A7D10B /* SubscribeCarSheet.swift */ = {isa = PBXFileReference; lastKnownFileType = sourcecode.swift; path = SubscribeCarSheet.swift; sourceTree = "<group>"; };
		99410FA4283A86CC00A7D10B /* AddMeetView.swift */ = {isa = PBXFileReference; lastKnownFileType = sourcecode.swift; path = AddMeetView.swift; sourceTree = "<group>"; };
		99410FA8283AB09A00A7D10B /* Info.plist */ = {isa = PBXFileReference; lastKnownFileType = text.plist; path = Info.plist; sourceTree = "<group>"; };
		99410FAA283AB09A00A7D10B /* MapKit.framework */ = {isa = PBXFileReference; lastKnownFileType = wrapper.framework; name = MapKit.framework; path = System/Library/Frameworks/MapKit.framework; sourceTree = SDKROOT; };
		99410FAC283B6F4E00A7D10B /* Place.swift */ = {isa = PBXFileReference; lastKnownFileType = sourcecode.swift; path = Place.swift; sourceTree = "<group>"; };
		99410FAE283B6F7D00A7D10B /* PlacePickerViewModel.swift */ = {isa = PBXFileReference; lastKnownFileType = sourcecode.swift; path = PlacePickerViewModel.swift; sourceTree = "<group>"; };
		99410FB0283B6FBB00A7D10B /* PlacePicker.swift */ = {isa = PBXFileReference; lastKnownFileType = sourcecode.swift; path = PlacePicker.swift; sourceTree = "<group>"; };
		99410FB2283B7BF800A7D10B /* AssistancesViewModel.swift */ = {isa = PBXFileReference; lastKnownFileType = sourcecode.swift; path = AssistancesViewModel.swift; sourceTree = "<group>"; };
		99410FB4283B7EB100A7D10B /* Assistance.swift */ = {isa = PBXFileReference; lastKnownFileType = sourcecode.swift; path = Assistance.swift; sourceTree = "<group>"; };
		995D1DFD2838D9CD0077A5C9 /* AddCarView.swift */ = {isa = PBXFileReference; lastKnownFileType = sourcecode.swift; path = AddCarView.swift; sourceTree = "<group>"; };
		995D1DFF2838E2B20077A5C9 /* UserViewModel.swift */ = {isa = PBXFileReference; lastKnownFileType = sourcecode.swift; path = UserViewModel.swift; sourceTree = "<group>"; };
		995D1E01283919D50077A5C9 /* CarDetailsView.swift */ = {isa = PBXFileReference; lastKnownFileType = sourcecode.swift; path = CarDetailsView.swift; sourceTree = "<group>"; };
		995D1E0328392A520077A5C9 /* EditCarView.swift */ = {isa = PBXFileReference; lastKnownFileType = sourcecode.swift; path = EditCarView.swift; sourceTree = "<group>"; };
		995D1E05283A24350077A5C9 /* MeetsViewModel.swift */ = {isa = PBXFileReference; lastKnownFileType = sourcecode.swift; path = MeetsViewModel.swift; sourceTree = "<group>"; };
		995D1E07283A24D30077A5C9 /* Meet.swift */ = {isa = PBXFileReference; lastKnownFileType = sourcecode.swift; path = Meet.swift; sourceTree = "<group>"; };
		995D1E09283A2B660077A5C9 /* MeetDetailView.swift */ = {isa = PBXFileReference; lastKnownFileType = sourcecode.swift; path = MeetDetailView.swift; sourceTree = "<group>"; };
		997B60F3283BB611002F6AAC /* LocationViewModel.swift */ = {isa = PBXFileReference; lastKnownFileType = sourcecode.swift; path = LocationViewModel.swift; sourceTree = "<group>"; };
		999F14782833C9E60006573C /* CarGuy.app */ = {isa = PBXFileReference; explicitFileType = wrapper.application; includeInIndex = 0; path = CarGuy.app; sourceTree = BUILT_PRODUCTS_DIR; };
		999F147B2833C9E60006573C /* CarGuyApp.swift */ = {isa = PBXFileReference; lastKnownFileType = sourcecode.swift; path = CarGuyApp.swift; sourceTree = "<group>"; };
		999F147D2833C9E60006573C /* GarageView.swift */ = {isa = PBXFileReference; lastKnownFileType = sourcecode.swift; path = GarageView.swift; sourceTree = "<group>"; };
		999F147F2833C9E80006573C /* Assets.xcassets */ = {isa = PBXFileReference; lastKnownFileType = folder.assetcatalog; path = Assets.xcassets; sourceTree = "<group>"; };
		999F14822833C9E80006573C /* Preview Assets.xcassets */ = {isa = PBXFileReference; lastKnownFileType = folder.assetcatalog; path = "Preview Assets.xcassets"; sourceTree = "<group>"; };
		999F14892833CAE90006573C /* MainView.swift */ = {isa = PBXFileReference; lastKnownFileType = sourcecode.swift; path = MainView.swift; sourceTree = "<group>"; };
		999F148B2833D3A10006573C /* MeetsView.swift */ = {isa = PBXFileReference; lastKnownFileType = sourcecode.swift; path = MeetsView.swift; sourceTree = "<group>"; };
		999F148D2833D3AE0006573C /* GuysView.swift */ = {isa = PBXFileReference; lastKnownFileType = sourcecode.swift; path = GuysView.swift; sourceTree = "<group>"; };
		999F148F2833D3ED0006573C /* ProfileView.swift */ = {isa = PBXFileReference; lastKnownFileType = sourcecode.swift; path = ProfileView.swift; sourceTree = "<group>"; };
		999F14912833FBBB0006573C /* CarCard.swift */ = {isa = PBXFileReference; lastKnownFileType = sourcecode.swift; path = CarCard.swift; sourceTree = "<group>"; };
		999F1493283438B90006573C /* CarInGarage.swift */ = {isa = PBXFileReference; lastKnownFileType = sourcecode.swift; path = CarInGarage.swift; sourceTree = "<group>"; };
		99E895F828363CF90097A7C5 /* LoginViewModel.swift */ = {isa = PBXFileReference; lastKnownFileType = sourcecode.swift; path = LoginViewModel.swift; sourceTree = "<group>"; };
		99E895FA2836462D0097A7C5 /* CarAPI.swift */ = {isa = PBXFileReference; lastKnownFileType = sourcecode.swift; path = CarAPI.swift; sourceTree = "<group>"; };
		99E895FE283780CC0097A7C5 /* MessagesView.swift */ = {isa = PBXFileReference; lastKnownFileType = sourcecode.swift; path = MessagesView.swift; sourceTree = "<group>"; };
		99E89600283780E50097A7C5 /* Message.swift */ = {isa = PBXFileReference; lastKnownFileType = sourcecode.swift; path = Message.swift; sourceTree = "<group>"; };
		99E896022837813C0097A7C5 /* MessageBubble.swift */ = {isa = PBXFileReference; lastKnownFileType = sourcecode.swift; path = MessageBubble.swift; sourceTree = "<group>"; };
		99E89604283787E20097A7C5 /* MessageTextField.swift */ = {isa = PBXFileReference; lastKnownFileType = sourcecode.swift; path = MessageTextField.swift; sourceTree = "<group>"; };
		99E8960628378D680097A7C5 /* MessagesViewModel.swift */ = {isa = PBXFileReference; lastKnownFileType = sourcecode.swift; path = MessagesViewModel.swift; sourceTree = "<group>"; };
		99E8960928379AB40097A7C5 /* Car.swift */ = {isa = PBXFileReference; lastKnownFileType = sourcecode.swift; path = Car.swift; sourceTree = "<group>"; };
		99E8960E28379D7B0097A7C5 /* Review.swift */ = {isa = PBXFileReference; lastKnownFileType = sourcecode.swift; path = Review.swift; sourceTree = "<group>"; };
		99E896102837A70F0097A7C5 /* ChatsView.swift */ = {isa = PBXFileReference; lastKnownFileType = sourcecode.swift; path = ChatsView.swift; sourceTree = "<group>"; };
		99E896122837A94E0097A7C5 /* Chat.swift */ = {isa = PBXFileReference; lastKnownFileType = sourcecode.swift; path = Chat.swift; sourceTree = "<group>"; };
		99E896162837B3FC0097A7C5 /* ReviewCard.swift */ = {isa = PBXFileReference; lastKnownFileType = sourcecode.swift; path = ReviewCard.swift; sourceTree = "<group>"; };
		99E896182837B7BD0097A7C5 /* ChatsViewModel.swift */ = {isa = PBXFileReference; lastKnownFileType = sourcecode.swift; path = ChatsViewModel.swift; sourceTree = "<group>"; };
		99E8961A2837F42D0097A7C5 /* CarsViewModel.swift */ = {isa = PBXFileReference; lastKnownFileType = sourcecode.swift; path = CarsViewModel.swift; sourceTree = "<group>"; };
		99E8961C283800060097A7C5 /* ImagePicker.swift */ = {isa = PBXFileReference; lastKnownFileType = sourcecode.swift; path = ImagePicker.swift; sourceTree = "<group>"; };
		99E8CFF528354B3D0013BD6D /* GoogleService-Info.plist */ = {isa = PBXFileReference; fileEncoding = 4; lastKnownFileType = text.plist.xml; path = "GoogleService-Info.plist"; sourceTree = "<group>"; };
		99E8CFF728354D950013BD6D /* LoginSignupView.swift */ = {isa = PBXFileReference; lastKnownFileType = sourcecode.swift; path = LoginSignupView.swift; sourceTree = "<group>"; };
		99F39ABC283CEC35009B9E5A /* AssistanceDetailsView.swift */ = {isa = PBXFileReference; lastKnownFileType = sourcecode.swift; path = AssistanceDetailsView.swift; sourceTree = "<group>"; };
		99F39ABE283CF0E6009B9E5A /* RequireAssistanceSheet.swift */ = {isa = PBXFileReference; lastKnownFileType = sourcecode.swift; path = RequireAssistanceSheet.swift; sourceTree = "<group>"; };
		99F39AC0283CF116009B9E5A /* LoadingView.swift */ = {isa = PBXFileReference; lastKnownFileType = sourcecode.swift; path = LoadingView.swift; sourceTree = "<group>"; };
		99F39AC2283D3BCD009B9E5A /* ImageLoader.swift */ = {isa = PBXFileReference; lastKnownFileType = sourcecode.swift; path = ImageLoader.swift; sourceTree = "<group>"; };
		99F39AC6283D4392009B9E5A /* ReviewSheet.swift */ = {isa = PBXFileReference; lastKnownFileType = sourcecode.swift; path = ReviewSheet.swift; sourceTree = "<group>"; };
/* End PBXFileReference section */

/* Begin PBXFrameworksBuildPhase section */
		999F14752833C9E60006573C /* Frameworks */ = {
			isa = PBXFrameworksBuildPhase;
			buildActionMask = 2147483647;
			files = (
				99E8CFF228354A9D0013BD6D /* FirebaseMessaging in Frameworks */,
				99E8CFEC28354A9D0013BD6D /* FirebaseAuth in Frameworks */,
				99E8CFEE28354A9D0013BD6D /* FirebaseFirestore in Frameworks */,
				99E8CFF428354A9D0013BD6D /* FirebaseStorage in Frameworks */,
				99410FAB283AB09A00A7D10B /* MapKit.framework in Frameworks */,
				99E8CFF028354A9D0013BD6D /* FirebaseFirestoreSwift in Frameworks */,
			);
			runOnlyForDeploymentPostprocessing = 0;
		};
/* End PBXFrameworksBuildPhase section */

/* Begin PBXGroup section */
		99410FA9283AB09A00A7D10B /* Frameworks */ = {
			isa = PBXGroup;
			children = (
				99410FAA283AB09A00A7D10B /* MapKit.framework */,
			);
			name = Frameworks;
			sourceTree = "<group>";
		};
		999F146F2833C9E60006573C = {
			isa = PBXGroup;
			children = (
				999F147A2833C9E60006573C /* CarGuy */,
				999F14792833C9E60006573C /* Products */,
				99410FA9283AB09A00A7D10B /* Frameworks */,
			);
			sourceTree = "<group>";
		};
		999F14792833C9E60006573C /* Products */ = {
			isa = PBXGroup;
			children = (
				999F14782833C9E60006573C /* CarGuy.app */,
			);
			name = Products;
			sourceTree = "<group>";
		};
		999F147A2833C9E60006573C /* CarGuy */ = {
			isa = PBXGroup;
			children = (
				99410FA8283AB09A00A7D10B /* Info.plist */,
				99E8CFF528354B3D0013BD6D /* GoogleService-Info.plist */,
				999F147B2833C9E60006573C /* CarGuyApp.swift */,
				999F147F2833C9E80006573C /* Assets.xcassets */,
				999F14812833C9E80006573C /* Preview Content */,
				99E8960D28379C5B0097A7C5 /* Views */,
				99E8960C28379C450097A7C5 /* ViewModels */,
				99E8960828379A6B0097A7C5 /* Models */,
				99E8960B28379B2C0097A7C5 /* Components */,
			);
			path = CarGuy;
			sourceTree = "<group>";
		};
		999F14812833C9E80006573C /* Preview Content */ = {
			isa = PBXGroup;
			children = (
				999F14822833C9E80006573C /* Preview Assets.xcassets */,
			);
			path = "Preview Content";
			sourceTree = "<group>";
		};
		99E8960828379A6B0097A7C5 /* Models */ = {
			isa = PBXGroup;
			children = (
				999F1493283438B90006573C /* CarInGarage.swift */,
				99E895FA2836462D0097A7C5 /* CarAPI.swift */,
				99E89600283780E50097A7C5 /* Message.swift */,
				99E8960928379AB40097A7C5 /* Car.swift */,
				99E8960E28379D7B0097A7C5 /* Review.swift */,
				99E896122837A94E0097A7C5 /* Chat.swift */,
				995D1E07283A24D30077A5C9 /* Meet.swift */,
				99410FAC283B6F4E00A7D10B /* Place.swift */,
				99410FB4283B7EB100A7D10B /* Assistance.swift */,
				99F39AC0283CF116009B9E5A /* LoadingView.swift */,
			);
			path = Models;
			sourceTree = "<group>";
		};
		99E8960B28379B2C0097A7C5 /* Components */ = {
			isa = PBXGroup;
			children = (
				999F14912833FBBB0006573C /* CarCard.swift */,
				9906620B2834EABE000745FD /* CircleImage.swift */,
				99E89604283787E20097A7C5 /* MessageTextField.swift */,
				99E896022837813C0097A7C5 /* MessageBubble.swift */,
				99E896162837B3FC0097A7C5 /* ReviewCard.swift */,
				99E8961C283800060097A7C5 /* ImagePicker.swift */,
				99410FB0283B6FBB00A7D10B /* PlacePicker.swift */,
			);
			path = Components;
			sourceTree = "<group>";
		};
		99E8960C28379C450097A7C5 /* ViewModels */ = {
			isa = PBXGroup;
			children = (
				99E8960628378D680097A7C5 /* MessagesViewModel.swift */,
				99E896182837B7BD0097A7C5 /* ChatsViewModel.swift */,
				99E8961A2837F42D0097A7C5 /* CarsViewModel.swift */,
				99E895F828363CF90097A7C5 /* LoginViewModel.swift */,
				995D1DFF2838E2B20077A5C9 /* UserViewModel.swift */,
				995D1E05283A24350077A5C9 /* MeetsViewModel.swift */,
				99410FAE283B6F7D00A7D10B /* PlacePickerViewModel.swift */,
				99410FB2283B7BF800A7D10B /* AssistancesViewModel.swift */,
				997B60F3283BB611002F6AAC /* LocationViewModel.swift */,
				99F39AC2283D3BCD009B9E5A /* ImageLoader.swift */,
			);
			path = ViewModels;
			sourceTree = "<group>";
		};
		99E8960D28379C5B0097A7C5 /* Views */ = {
			isa = PBXGroup;
			children = (
				999F14892833CAE90006573C /* MainView.swift */,
				99E8CFF728354D950013BD6D /* LoginSignupView.swift */,
				999F147D2833C9E60006573C /* GarageView.swift */,
				999F148B2833D3A10006573C /* MeetsView.swift */,
				995D1E09283A2B660077A5C9 /* MeetDetailView.swift */,
				99410FA2283A38C300A7D10B /* SubscribeCarSheet.swift */,
				999F148D2833D3AE0006573C /* GuysView.swift */,
				99F39ABC283CEC35009B9E5A /* AssistanceDetailsView.swift */,
				999F148F2833D3ED0006573C /* ProfileView.swift */,
				99E895FE283780CC0097A7C5 /* MessagesView.swift */,
				99E896102837A70F0097A7C5 /* ChatsView.swift */,
				995D1DFD2838D9CD0077A5C9 /* AddCarView.swift */,
				995D1E01283919D50077A5C9 /* CarDetailsView.swift */,
				99F39ABE283CF0E6009B9E5A /* RequireAssistanceSheet.swift */,
				995D1E0328392A520077A5C9 /* EditCarView.swift */,
				99410FA4283A86CC00A7D10B /* AddMeetView.swift */,
				99F39AC6283D4392009B9E5A /* ReviewSheet.swift */,
			);
			path = Views;
			sourceTree = "<group>";
		};
/* End PBXGroup section */

/* Begin PBXNativeTarget section */
		999F14772833C9E60006573C /* CarGuy */ = {
			isa = PBXNativeTarget;
			buildConfigurationList = 999F14862833C9E80006573C /* Build configuration list for PBXNativeTarget "CarGuy" */;
			buildPhases = (
				999F14742833C9E60006573C /* Sources */,
				999F14752833C9E60006573C /* Frameworks */,
				999F14762833C9E60006573C /* Resources */,
			);
			buildRules = (
			);
			dependencies = (
			);
			name = CarGuy;
			packageProductDependencies = (
				99E8CFEB28354A9D0013BD6D /* FirebaseAuth */,
				99E8CFED28354A9D0013BD6D /* FirebaseFirestore */,
				99E8CFEF28354A9D0013BD6D /* FirebaseFirestoreSwift */,
				99E8CFF128354A9D0013BD6D /* FirebaseMessaging */,
				99E8CFF328354A9D0013BD6D /* FirebaseStorage */,
			);
			productName = CarGuy;
			productReference = 999F14782833C9E60006573C /* CarGuy.app */;
			productType = "com.apple.product-type.application";
		};
/* End PBXNativeTarget section */

/* Begin PBXProject section */
		999F14702833C9E60006573C /* Project object */ = {
			isa = PBXProject;
			attributes = {
				BuildIndependentTargetsInParallel = 1;
				LastSwiftUpdateCheck = 1340;
				LastUpgradeCheck = 1340;
				TargetAttributes = {
					999F14772833C9E60006573C = {
						CreatedOnToolsVersion = 13.4;
					};
				};
			};
			buildConfigurationList = 999F14732833C9E60006573C /* Build configuration list for PBXProject "CarGuy" */;
			compatibilityVersion = "Xcode 13.0";
			developmentRegion = en;
			hasScannedForEncodings = 0;
			knownRegions = (
				en,
				Base,
			);
			mainGroup = 999F146F2833C9E60006573C;
			packageReferences = (
				99E8CFEA28354A9D0013BD6D /* XCRemoteSwiftPackageReference "firebase-ios-sdk" */,
			);
			productRefGroup = 999F14792833C9E60006573C /* Products */;
			projectDirPath = "";
			projectRoot = "";
			targets = (
				999F14772833C9E60006573C /* CarGuy */,
			);
		};
/* End PBXProject section */

/* Begin PBXResourcesBuildPhase section */
		999F14762833C9E60006573C /* Resources */ = {
			isa = PBXResourcesBuildPhase;
			buildActionMask = 2147483647;
			files = (
				999F14832833C9E80006573C /* Preview Assets.xcassets in Resources */,
				999F14802833C9E80006573C /* Assets.xcassets in Resources */,
				99E8CFF628354B3E0013BD6D /* GoogleService-Info.plist in Resources */,
			);
			runOnlyForDeploymentPostprocessing = 0;
		};
/* End PBXResourcesBuildPhase section */

/* Begin PBXSourcesBuildPhase section */
		999F14742833C9E60006573C /* Sources */ = {
			isa = PBXSourcesBuildPhase;
			buildActionMask = 2147483647;
			files = (
				99E895FF283780CC0097A7C5 /* MessagesView.swift in Sources */,
				999F1494283438B90006573C /* CarInGarage.swift in Sources */,
				99410FAD283B6F4E00A7D10B /* Place.swift in Sources */,
				99E896192837B7BD0097A7C5 /* ChatsViewModel.swift in Sources */,
				99E89601283780E50097A7C5 /* Message.swift in Sources */,
				999F148E2833D3AE0006573C /* GuysView.swift in Sources */,
				995D1E06283A24350077A5C9 /* MeetsViewModel.swift in Sources */,
				99E8960A28379AB40097A7C5 /* Car.swift in Sources */,
				99F39ABD283CEC35009B9E5A /* AssistanceDetailsView.swift in Sources */,
				999F147E2833C9E60006573C /* GarageView.swift in Sources */,
				99E895FB2836462D0097A7C5 /* CarAPI.swift in Sources */,
				99410FA5283A86CC00A7D10B /* AddMeetView.swift in Sources */,
				999F148A2833CAEA0006573C /* MainView.swift in Sources */,
				99F39AC7283D4392009B9E5A /* ReviewSheet.swift in Sources */,
				999F147C2833C9E60006573C /* CarGuyApp.swift in Sources */,
				995D1E0A283A2B660077A5C9 /* MeetDetailView.swift in Sources */,
				995D1E08283A24D30077A5C9 /* Meet.swift in Sources */,
				99F39ABF283CF0E6009B9E5A /* RequireAssistanceSheet.swift in Sources */,
				99E8CFF828354D950013BD6D /* LoginSignupView.swift in Sources */,
				99410FB1283B6FBB00A7D10B /* PlacePicker.swift in Sources */,
				99410FB5283B7EB100A7D10B /* Assistance.swift in Sources */,
				99E896112837A70F0097A7C5 /* ChatsView.swift in Sources */,
				99E896132837A94E0097A7C5 /* Chat.swift in Sources */,
				99E895F928363CF90097A7C5 /* LoginViewModel.swift in Sources */,
				995D1E0428392A520077A5C9 /* EditCarView.swift in Sources */,
				995D1E02283919D50077A5C9 /* CarDetailsView.swift in Sources */,
				997B60F4283BB611002F6AAC /* LocationViewModel.swift in Sources */,
				99E8961D283800060097A7C5 /* ImagePicker.swift in Sources */,
				99410FAF283B6F7D00A7D10B /* PlacePickerViewModel.swift in Sources */,
				99E896032837813C0097A7C5 /* MessageBubble.swift in Sources */,
				99E896172837B3FC0097A7C5 /* ReviewCard.swift in Sources */,
				999F14902833D3ED0006573C /* ProfileView.swift in Sources */,
				9906620C2834EABE000745FD /* CircleImage.swift in Sources */,
				99E8960F28379D7B0097A7C5 /* Review.swift in Sources */,
				995D1DFE2838D9CD0077A5C9 /* AddCarView.swift in Sources */,
				99E8961B2837F42D0097A7C5 /* CarsViewModel.swift in Sources */,
				999F14922833FBBB0006573C /* CarCard.swift in Sources */,
				99410FB3283B7BF800A7D10B /* AssistancesViewModel.swift in Sources */,
				999F148C2833D3A10006573C /* MeetsView.swift in Sources */,
				99F39AC3283D3BCD009B9E5A /* ImageLoader.swift in Sources */,
				99E89605283787E20097A7C5 /* MessageTextField.swift in Sources */,
				995D1E002838E2B20077A5C9 /* UserViewModel.swift in Sources */,
				99E8960728378D680097A7C5 /* MessagesViewModel.swift in Sources */,
				99410FA3283A38C300A7D10B /* SubscribeCarSheet.swift in Sources */,
				99F39AC1283CF116009B9E5A /* LoadingView.swift in Sources */,
			);
			runOnlyForDeploymentPostprocessing = 0;
		};
/* End PBXSourcesBuildPhase section */

/* Begin XCBuildConfiguration section */
		999F14842833C9E80006573C /* Debug */ = {
			isa = XCBuildConfiguration;
			buildSettings = {
				ALWAYS_SEARCH_USER_PATHS = NO;
				CLANG_ANALYZER_NONNULL = YES;
				CLANG_ANALYZER_NUMBER_OBJECT_CONVERSION = YES_AGGRESSIVE;
				CLANG_CXX_LANGUAGE_STANDARD = "gnu++17";
				CLANG_ENABLE_MODULES = YES;
				CLANG_ENABLE_OBJC_ARC = YES;
				CLANG_ENABLE_OBJC_WEAK = YES;
				CLANG_WARN_BLOCK_CAPTURE_AUTORELEASING = YES;
				CLANG_WARN_BOOL_CONVERSION = YES;
				CLANG_WARN_COMMA = YES;
				CLANG_WARN_CONSTANT_CONVERSION = YES;
				CLANG_WARN_DEPRECATED_OBJC_IMPLEMENTATIONS = YES;
				CLANG_WARN_DIRECT_OBJC_ISA_USAGE = YES_ERROR;
				CLANG_WARN_DOCUMENTATION_COMMENTS = YES;
				CLANG_WARN_EMPTY_BODY = YES;
				CLANG_WARN_ENUM_CONVERSION = YES;
				CLANG_WARN_INFINITE_RECURSION = YES;
				CLANG_WARN_INT_CONVERSION = YES;
				CLANG_WARN_NON_LITERAL_NULL_CONVERSION = YES;
				CLANG_WARN_OBJC_IMPLICIT_RETAIN_SELF = YES;
				CLANG_WARN_OBJC_LITERAL_CONVERSION = YES;
				CLANG_WARN_OBJC_ROOT_CLASS = YES_ERROR;
				CLANG_WARN_QUOTED_INCLUDE_IN_FRAMEWORK_HEADER = YES;
				CLANG_WARN_RANGE_LOOP_ANALYSIS = YES;
				CLANG_WARN_STRICT_PROTOTYPES = YES;
				CLANG_WARN_SUSPICIOUS_MOVE = YES;
				CLANG_WARN_UNGUARDED_AVAILABILITY = YES_AGGRESSIVE;
				CLANG_WARN_UNREACHABLE_CODE = YES;
				CLANG_WARN__DUPLICATE_METHOD_MATCH = YES;
				COPY_PHASE_STRIP = NO;
				DEBUG_INFORMATION_FORMAT = dwarf;
				ENABLE_STRICT_OBJC_MSGSEND = YES;
				ENABLE_TESTABILITY = YES;
				GCC_C_LANGUAGE_STANDARD = gnu11;
				GCC_DYNAMIC_NO_PIC = NO;
				GCC_NO_COMMON_BLOCKS = YES;
				GCC_OPTIMIZATION_LEVEL = 0;
				GCC_PREPROCESSOR_DEFINITIONS = (
					"DEBUG=1",
					"$(inherited)",
				);
				GCC_WARN_64_TO_32_BIT_CONVERSION = YES;
				GCC_WARN_ABOUT_RETURN_TYPE = YES_ERROR;
				GCC_WARN_UNDECLARED_SELECTOR = YES;
				GCC_WARN_UNINITIALIZED_AUTOS = YES_AGGRESSIVE;
				GCC_WARN_UNUSED_FUNCTION = YES;
				GCC_WARN_UNUSED_VARIABLE = YES;
				IPHONEOS_DEPLOYMENT_TARGET = 15.5;
				MTL_ENABLE_DEBUG_INFO = INCLUDE_SOURCE;
				MTL_FAST_MATH = YES;
				ONLY_ACTIVE_ARCH = YES;
				SDKROOT = iphoneos;
				SWIFT_ACTIVE_COMPILATION_CONDITIONS = DEBUG;
				SWIFT_OPTIMIZATION_LEVEL = "-Onone";
			};
			name = Debug;
		};
		999F14852833C9E80006573C /* Release */ = {
			isa = XCBuildConfiguration;
			buildSettings = {
				ALWAYS_SEARCH_USER_PATHS = NO;
				CLANG_ANALYZER_NONNULL = YES;
				CLANG_ANALYZER_NUMBER_OBJECT_CONVERSION = YES_AGGRESSIVE;
				CLANG_CXX_LANGUAGE_STANDARD = "gnu++17";
				CLANG_ENABLE_MODULES = YES;
				CLANG_ENABLE_OBJC_ARC = YES;
				CLANG_ENABLE_OBJC_WEAK = YES;
				CLANG_WARN_BLOCK_CAPTURE_AUTORELEASING = YES;
				CLANG_WARN_BOOL_CONVERSION = YES;
				CLANG_WARN_COMMA = YES;
				CLANG_WARN_CONSTANT_CONVERSION = YES;
				CLANG_WARN_DEPRECATED_OBJC_IMPLEMENTATIONS = YES;
				CLANG_WARN_DIRECT_OBJC_ISA_USAGE = YES_ERROR;
				CLANG_WARN_DOCUMENTATION_COMMENTS = YES;
				CLANG_WARN_EMPTY_BODY = YES;
				CLANG_WARN_ENUM_CONVERSION = YES;
				CLANG_WARN_INFINITE_RECURSION = YES;
				CLANG_WARN_INT_CONVERSION = YES;
				CLANG_WARN_NON_LITERAL_NULL_CONVERSION = YES;
				CLANG_WARN_OBJC_IMPLICIT_RETAIN_SELF = YES;
				CLANG_WARN_OBJC_LITERAL_CONVERSION = YES;
				CLANG_WARN_OBJC_ROOT_CLASS = YES_ERROR;
				CLANG_WARN_QUOTED_INCLUDE_IN_FRAMEWORK_HEADER = YES;
				CLANG_WARN_RANGE_LOOP_ANALYSIS = YES;
				CLANG_WARN_STRICT_PROTOTYPES = YES;
				CLANG_WARN_SUSPICIOUS_MOVE = YES;
				CLANG_WARN_UNGUARDED_AVAILABILITY = YES_AGGRESSIVE;
				CLANG_WARN_UNREACHABLE_CODE = YES;
				CLANG_WARN__DUPLICATE_METHOD_MATCH = YES;
				COPY_PHASE_STRIP = NO;
				DEBUG_INFORMATION_FORMAT = "dwarf-with-dsym";
				ENABLE_NS_ASSERTIONS = NO;
				ENABLE_STRICT_OBJC_MSGSEND = YES;
				GCC_C_LANGUAGE_STANDARD = gnu11;
				GCC_NO_COMMON_BLOCKS = YES;
				GCC_WARN_64_TO_32_BIT_CONVERSION = YES;
				GCC_WARN_ABOUT_RETURN_TYPE = YES_ERROR;
				GCC_WARN_UNDECLARED_SELECTOR = YES;
				GCC_WARN_UNINITIALIZED_AUTOS = YES_AGGRESSIVE;
				GCC_WARN_UNUSED_FUNCTION = YES;
				GCC_WARN_UNUSED_VARIABLE = YES;
				IPHONEOS_DEPLOYMENT_TARGET = 15.5;
				MTL_ENABLE_DEBUG_INFO = NO;
				MTL_FAST_MATH = YES;
				SDKROOT = iphoneos;
				SWIFT_COMPILATION_MODE = wholemodule;
				SWIFT_OPTIMIZATION_LEVEL = "-O";
				VALIDATE_PRODUCT = YES;
			};
			name = Release;
		};
		999F14872833C9E80006573C /* Debug */ = {
			isa = XCBuildConfiguration;
			buildSettings = {
				ASSETCATALOG_COMPILER_APPICON_NAME = AppIcon;
				ASSETCATALOG_COMPILER_GLOBAL_ACCENT_COLOR_NAME = AccentColor;
				CODE_SIGN_STYLE = Automatic;
				CURRENT_PROJECT_VERSION = 1;
				DEVELOPMENT_ASSET_PATHS = "\"CarGuy/Preview Content\"";
				DEVELOPMENT_TEAM = ST34A2VF7G;
				ENABLE_PREVIEWS = YES;
				GENERATE_INFOPLIST_FILE = YES;
				INFOPLIST_FILE = CarGuy/Info.plist;
				INFOPLIST_KEY_NSLocationWhenInUseUsageDescription = "Questa App necessita la tua posizione per funzionare al meglio.";
				INFOPLIST_KEY_UIApplicationSceneManifest_Generation = YES;
				INFOPLIST_KEY_UIApplicationSupportsIndirectInputEvents = YES;
				INFOPLIST_KEY_UILaunchScreen_Generation = YES;
				INFOPLIST_KEY_UISupportedInterfaceOrientations_iPad = "UIInterfaceOrientationPortrait UIInterfaceOrientationPortraitUpsideDown UIInterfaceOrientationLandscapeLeft UIInterfaceOrientationLandscapeRight";
				INFOPLIST_KEY_UISupportedInterfaceOrientations_iPhone = "UIInterfaceOrientationPortrait UIInterfaceOrientationLandscapeLeft UIInterfaceOrientationLandscapeRight";
				LD_RUNPATH_SEARCH_PATHS = (
					"$(inherited)",
					"@executable_path/Frameworks",
				);
				MARKETING_VERSION = 1.0;
				PRODUCT_BUNDLE_IDENTIFIER = com.carboni.CarGuy;
				PRODUCT_NAME = "$(TARGET_NAME)";
				SWIFT_EMIT_LOC_STRINGS = YES;
				SWIFT_VERSION = 5.0;
				TARGETED_DEVICE_FAMILY = "1,2";
			};
			name = Debug;
		};
		999F14882833C9E80006573C /* Release */ = {
			isa = XCBuildConfiguration;
			buildSettings = {
				ASSETCATALOG_COMPILER_APPICON_NAME = AppIcon;
				ASSETCATALOG_COMPILER_GLOBAL_ACCENT_COLOR_NAME = AccentColor;
				CODE_SIGN_STYLE = Automatic;
				CURRENT_PROJECT_VERSION = 1;
				DEVELOPMENT_ASSET_PATHS = "\"CarGuy/Preview Content\"";
				DEVELOPMENT_TEAM = ST34A2VF7G;
				ENABLE_PREVIEWS = YES;
				GENERATE_INFOPLIST_FILE = YES;
				INFOPLIST_FILE = CarGuy/Info.plist;
				INFOPLIST_KEY_NSLocationWhenInUseUsageDescription = "Questa App necessita la tua posizione per funzionare al meglio.";
				INFOPLIST_KEY_UIApplicationSceneManifest_Generation = YES;
				INFOPLIST_KEY_UIApplicationSupportsIndirectInputEvents = YES;
				INFOPLIST_KEY_UILaunchScreen_Generation = YES;
				INFOPLIST_KEY_UISupportedInterfaceOrientations_iPad = "UIInterfaceOrientationPortrait UIInterfaceOrientationPortraitUpsideDown UIInterfaceOrientationLandscapeLeft UIInterfaceOrientationLandscapeRight";
				INFOPLIST_KEY_UISupportedInterfaceOrientations_iPhone = "UIInterfaceOrientationPortrait UIInterfaceOrientationLandscapeLeft UIInterfaceOrientationLandscapeRight";
				LD_RUNPATH_SEARCH_PATHS = (
					"$(inherited)",
					"@executable_path/Frameworks",
				);
				MARKETING_VERSION = 1.0;
				PRODUCT_BUNDLE_IDENTIFIER = com.carboni.CarGuy;
				PRODUCT_NAME = "$(TARGET_NAME)";
				SWIFT_EMIT_LOC_STRINGS = YES;
				SWIFT_VERSION = 5.0;
				TARGETED_DEVICE_FAMILY = "1,2";
			};
			name = Release;
		};
/* End XCBuildConfiguration section */

/* Begin XCConfigurationList section */
		999F14732833C9E60006573C /* Build configuration list for PBXProject "CarGuy" */ = {
			isa = XCConfigurationList;
			buildConfigurations = (
				999F14842833C9E80006573C /* Debug */,
				999F14852833C9E80006573C /* Release */,
			);
			defaultConfigurationIsVisible = 0;
			defaultConfigurationName = Release;
		};
		999F14862833C9E80006573C /* Build configuration list for PBXNativeTarget "CarGuy" */ = {
			isa = XCConfigurationList;
			buildConfigurations = (
				999F14872833C9E80006573C /* Debug */,
				999F14882833C9E80006573C /* Release */,
			);
			defaultConfigurationIsVisible = 0;
			defaultConfigurationName = Release;
		};
/* End XCConfigurationList section */

/* Begin XCRemoteSwiftPackageReference section */
		99E8CFEA28354A9D0013BD6D /* XCRemoteSwiftPackageReference "firebase-ios-sdk" */ = {
			isa = XCRemoteSwiftPackageReference;
			repositoryURL = "https://github.com/firebase/firebase-ios-sdk";
			requirement = {
				kind = upToNextMajorVersion;
				minimumVersion = 9.0.0;
			};
		};
/* End XCRemoteSwiftPackageReference section */

/* Begin XCSwiftPackageProductDependency section */
		99E8CFEB28354A9D0013BD6D /* FirebaseAuth */ = {
			isa = XCSwiftPackageProductDependency;
			package = 99E8CFEA28354A9D0013BD6D /* XCRemoteSwiftPackageReference "firebase-ios-sdk" */;
			productName = FirebaseAuth;
		};
		99E8CFED28354A9D0013BD6D /* FirebaseFirestore */ = {
			isa = XCSwiftPackageProductDependency;
			package = 99E8CFEA28354A9D0013BD6D /* XCRemoteSwiftPackageReference "firebase-ios-sdk" */;
			productName = FirebaseFirestore;
		};
		99E8CFEF28354A9D0013BD6D /* FirebaseFirestoreSwift */ = {
			isa = XCSwiftPackageProductDependency;
			package = 99E8CFEA28354A9D0013BD6D /* XCRemoteSwiftPackageReference "firebase-ios-sdk" */;
			productName = FirebaseFirestoreSwift;
		};
		99E8CFF128354A9D0013BD6D /* FirebaseMessaging */ = {
			isa = XCSwiftPackageProductDependency;
			package = 99E8CFEA28354A9D0013BD6D /* XCRemoteSwiftPackageReference "firebase-ios-sdk" */;
			productName = FirebaseMessaging;
		};
		99E8CFF328354A9D0013BD6D /* FirebaseStorage */ = {
			isa = XCSwiftPackageProductDependency;
			package = 99E8CFEA28354A9D0013BD6D /* XCRemoteSwiftPackageReference "firebase-ios-sdk" */;
			productName = FirebaseStorage;
		};
/* End XCSwiftPackageProductDependency section */
	};
	rootObject = 999F14702833C9E60006573C /* Project object */;
}
